
Microsoft Visual Studio Solution File, Format Version 12.00
# Visual Studio Version 16
VisualStudioVersion = 16.0.30621.155
MinimumVisualStudioVersion = 10.0.40219.1
Project("{FAE04EC0-301F-11D3-BF4B-00C04F79EFBC}") = "mcmp2", "mcmp2.csproj", "{68507D1E-67DD-4046-A2DD-C4AE335F0085}"
EndProject
Global
	GlobalSection(SolutionConfigurationPlatforms) = preSolution
		Debug|Any CPU = Debug|Any CPU
		Release|Any CPU = Release|Any CPU
	EndGlobalSection
	GlobalSection(ProjectConfigurationPlatforms) = postSolution
		{68507D1E-67DD-4046-A2DD-C4AE335F0085}.Debug|Any CPU.ActiveCfg = Debug|Any CPU
		{68507D1E-67DD-4046-A2DD-C4AE335F0085}.Debug|Any CPU.Build.0 = Debug|Any CPU
		{68507D1E-67DD-4046-A2DD-C4AE335F0085}.Release|Any CPU.ActiveCfg = Release|Any CPU
		{68507D1E-67DD-4046-A2DD-C4AE335F0085}.Release|Any CPU.Build.0 = Release|Any CPU
	EndGlobalSection
	GlobalSection(SolutionProperties) = preSolution
		HideSolutionNode = FALSE
	EndGlobalSection
	GlobalSection(ExtensibilityGlobals) = postSolution
		SolutionGuid = {1F4674FD-8057-4311-8E71-137FC73E5EEC}
	EndGlobalSection
EndGlobal
